// !$*UTF8*$!
{
	archiveVersion = 1;
	classes = {
	};
	objectVersion = 56;
	objects = {

/* Begin PBXBuildFile section */
		667E77752C2F8723005A235C /* MySwiftCalApp.swift in Sources */ = {isa = PBXBuildFile; fileRef = 667E77742C2F8723005A235C /* MySwiftCalApp.swift */; };
		667E77772C2F8723005A235C /* CalendarView.swift in Sources */ = {isa = PBXBuildFile; fileRef = 667E77762C2F8723005A235C /* CalendarView.swift */; };
		667E77792C2F8724005A235C /* Assets.xcassets in Resources */ = {isa = PBXBuildFile; fileRef = 667E77782C2F8724005A235C /* Assets.xcassets */; };
		667E777C2C2F8724005A235C /* Preview Assets.xcassets in Resources */ = {isa = PBXBuildFile; fileRef = 667E777B2C2F8724005A235C /* Preview Assets.xcassets */; };
		667E77852C2F879D005A235C /* Day.swift in Sources */ = {isa = PBXBuildFile; fileRef = 667E77842C2F879D005A235C /* Day.swift */; };
		667E77872C2F87B9005A235C /* Persistence.swift in Sources */ = {isa = PBXBuildFile; fileRef = 667E77862C2F87B9005A235C /* Persistence.swift */; };
		667E778B2C2F8846005A235C /* CalendarHeaderView.swift in Sources */ = {isa = PBXBuildFile; fileRef = 667E778A2C2F8846005A235C /* CalendarHeaderView.swift */; };
		667E778D2C2F8859005A235C /* StreakView.swift in Sources */ = {isa = PBXBuildFile; fileRef = 667E778C2C2F8859005A235C /* StreakView.swift */; };
		667E778F2C2F8874005A235C /* AppIntents.swift in Sources */ = {isa = PBXBuildFile; fileRef = 667E778E2C2F8874005A235C /* AppIntents.swift */; };
		667E77912C2F88B7005A235C /* Date+Ext.swift in Sources */ = {isa = PBXBuildFile; fileRef = 667E77902C2F88B7005A235C /* Date+Ext.swift */; };
		667E77992C2F89C1005A235C /* WidgetKit.framework in Frameworks */ = {isa = PBXBuildFile; fileRef = 667E77982C2F89C1005A235C /* WidgetKit.framework */; };
		667E779B2C2F89C1005A235C /* SwiftUI.framework in Frameworks */ = {isa = PBXBuildFile; fileRef = 667E779A2C2F89C1005A235C /* SwiftUI.framework */; };
		667E779E2C2F89C1005A235C /* MySwiftCalWidgetBundle.swift in Sources */ = {isa = PBXBuildFile; fileRef = 667E779D2C2F89C1005A235C /* MySwiftCalWidgetBundle.swift */; };
		667E77A02C2F89C1005A235C /* MySwiftCalWidget.swift in Sources */ = {isa = PBXBuildFile; fileRef = 667E779F2C2F89C1005A235C /* MySwiftCalWidget.swift */; };
		667E77A22C2F89C2005A235C /* Assets.xcassets in Resources */ = {isa = PBXBuildFile; fileRef = 667E77A12C2F89C2005A235C /* Assets.xcassets */; };
		667E77A62C2F89C2005A235C /* MySwiftCalWidgetExtension.appex in Embed Foundation Extensions */ = {isa = PBXBuildFile; fileRef = 667E77962C2F89C1005A235C /* MySwiftCalWidgetExtension.appex */; settings = {ATTRIBUTES = (RemoveHeadersOnCopy, ); }; };
		667E77AB2C2F8A63005A235C /* CalendarHeaderView.swift in Sources */ = {isa = PBXBuildFile; fileRef = 667E778A2C2F8846005A235C /* CalendarHeaderView.swift */; };
		667E77AC2C2F8A6E005A235C /* AppIntents.swift in Sources */ = {isa = PBXBuildFile; fileRef = 667E778E2C2F8874005A235C /* AppIntents.swift */; };
		667E77AD2C2F8A76005A235C /* Date+Ext.swift in Sources */ = {isa = PBXBuildFile; fileRef = 667E77902C2F88B7005A235C /* Date+Ext.swift */; };
		667E77AE2C2F8A7D005A235C /* Day.swift in Sources */ = {isa = PBXBuildFile; fileRef = 667E77842C2F879D005A235C /* Day.swift */; };
		667E77AF2C2F8A86005A235C /* Persistence.swift in Sources */ = {isa = PBXBuildFile; fileRef = 667E77862C2F87B9005A235C /* Persistence.swift */; };
		667E77B42C2F8C67005A235C /* WidgetFamilyViews.swift in Sources */ = {isa = PBXBuildFile; fileRef = 667E77B32C2F8C67005A235C /* WidgetFamilyViews.swift */; };
/* End PBXBuildFile section */

/* Begin PBXContainerItemProxy section */
		667E77A42C2F89C2005A235C /* PBXContainerItemProxy */ = {
			isa = PBXContainerItemProxy;
			containerPortal = 667E77692C2F8723005A235C /* Project object */;
			proxyType = 1;
			remoteGlobalIDString = 667E77952C2F89C1005A235C;
			remoteInfo = MySwiftCalWidgetExtension;
		};
/* End PBXContainerItemProxy section */

/* Begin PBXCopyFilesBuildPhase section */
		667E77AA2C2F89C2005A235C /* Embed Foundation Extensions */ = {
			isa = PBXCopyFilesBuildPhase;
			buildActionMask = 2147483647;
			dstPath = "";
			dstSubfolderSpec = 13;
			files = (
				667E77A62C2F89C2005A235C /* MySwiftCalWidgetExtension.appex in Embed Foundation Extensions */,
			);
			name = "Embed Foundation Extensions";
			runOnlyForDeploymentPostprocessing = 0;
		};
/* End PBXCopyFilesBuildPhase section */

/* Begin PBXFileReference section */
		667E77712C2F8723005A235C /* MySwiftCal.app */ = {isa = PBXFileReference; explicitFileType = wrapper.application; includeInIndex = 0; path = MySwiftCal.app; sourceTree = BUILT_PRODUCTS_DIR; };
		667E77742C2F8723005A235C /* MySwiftCalApp.swift */ = {isa = PBXFileReference; lastKnownFileType = sourcecode.swift; path = MySwiftCalApp.swift; sourceTree = "<group>"; };
		667E77762C2F8723005A235C /* CalendarView.swift */ = {isa = PBXFileReference; lastKnownFileType = sourcecode.swift; path = CalendarView.swift; sourceTree = "<group>"; };
		667E77782C2F8724005A235C /* Assets.xcassets */ = {isa = PBXFileReference; lastKnownFileType = folder.assetcatalog; path = Assets.xcassets; sourceTree = "<group>"; };
		667E777B2C2F8724005A235C /* Preview Assets.xcassets */ = {isa = PBXFileReference; lastKnownFileType = folder.assetcatalog; path = "Preview Assets.xcassets"; sourceTree = "<group>"; };
		667E77842C2F879D005A235C /* Day.swift */ = {isa = PBXFileReference; lastKnownFileType = sourcecode.swift; path = Day.swift; sourceTree = "<group>"; };
		667E77862C2F87B9005A235C /* Persistence.swift */ = {isa = PBXFileReference; lastKnownFileType = sourcecode.swift; path = Persistence.swift; sourceTree = "<group>"; };
		667E77882C2F87E1005A235C /* MySwiftCal.entitlements */ = {isa = PBXFileReference; lastKnownFileType = text.plist.entitlements; path = MySwiftCal.entitlements; sourceTree = "<group>"; };
		667E778A2C2F8846005A235C /* CalendarHeaderView.swift */ = {isa = PBXFileReference; lastKnownFileType = sourcecode.swift; path = CalendarHeaderView.swift; sourceTree = "<group>"; };
		667E778C2C2F8859005A235C /* StreakView.swift */ = {isa = PBXFileReference; lastKnownFileType = sourcecode.swift; path = StreakView.swift; sourceTree = "<group>"; };
		667E778E2C2F8874005A235C /* AppIntents.swift */ = {isa = PBXFileReference; lastKnownFileType = sourcecode.swift; path = AppIntents.swift; sourceTree = "<group>"; };
		667E77902C2F88B7005A235C /* Date+Ext.swift */ = {isa = PBXFileReference; lastKnownFileType = sourcecode.swift; path = "Date+Ext.swift"; sourceTree = "<group>"; };
		667E77962C2F89C1005A235C /* MySwiftCalWidgetExtension.appex */ = {isa = PBXFileReference; explicitFileType = "wrapper.app-extension"; includeInIndex = 0; path = MySwiftCalWidgetExtension.appex; sourceTree = BUILT_PRODUCTS_DIR; };
		667E77982C2F89C1005A235C /* WidgetKit.framework */ = {isa = PBXFileReference; lastKnownFileType = wrapper.framework; name = WidgetKit.framework; path = System/Library/Frameworks/WidgetKit.framework; sourceTree = SDKROOT; };
		667E779A2C2F89C1005A235C /* SwiftUI.framework */ = {isa = PBXFileReference; lastKnownFileType = wrapper.framework; name = SwiftUI.framework; path = System/Library/Frameworks/SwiftUI.framework; sourceTree = SDKROOT; };
		667E779D2C2F89C1005A235C /* MySwiftCalWidgetBundle.swift */ = {isa = PBXFileReference; lastKnownFileType = sourcecode.swift; path = MySwiftCalWidgetBundle.swift; sourceTree = "<group>"; };
		667E779F2C2F89C1005A235C /* MySwiftCalWidget.swift */ = {isa = PBXFileReference; lastKnownFileType = sourcecode.swift; path = MySwiftCalWidget.swift; sourceTree = "<group>"; };
		667E77A12C2F89C2005A235C /* Assets.xcassets */ = {isa = PBXFileReference; lastKnownFileType = folder.assetcatalog; path = Assets.xcassets; sourceTree = "<group>"; };
		667E77A32C2F89C2005A235C /* Info.plist */ = {isa = PBXFileReference; lastKnownFileType = text.plist.xml; path = Info.plist; sourceTree = "<group>"; };
		667E77B22C2F8B7F005A235C /* MySwiftCalWidgetExtension.entitlements */ = {isa = PBXFileReference; fileEncoding = 4; lastKnownFileType = text.plist.entitlements; path = MySwiftCalWidgetExtension.entitlements; sourceTree = "<group>"; };
		667E77B32C2F8C67005A235C /* WidgetFamilyViews.swift */ = {isa = PBXFileReference; lastKnownFileType = sourcecode.swift; path = WidgetFamilyViews.swift; sourceTree = "<group>"; };
/* End PBXFileReference section */

/* Begin PBXFrameworksBuildPhase section */
		667E776E2C2F8723005A235C /* Frameworks */ = {
			isa = PBXFrameworksBuildPhase;
			buildActionMask = 2147483647;
			files = (
			);
			runOnlyForDeploymentPostprocessing = 0;
		};
		667E77932C2F89C1005A235C /* Frameworks */ = {
			isa = PBXFrameworksBuildPhase;
			buildActionMask = 2147483647;
			files = (
				667E779B2C2F89C1005A235C /* SwiftUI.framework in Frameworks */,
				667E77992C2F89C1005A235C /* WidgetKit.framework in Frameworks */,
			);
			runOnlyForDeploymentPostprocessing = 0;
		};
/* End PBXFrameworksBuildPhase section */

/* Begin PBXGroup section */
		667E77682C2F8723005A235C = {
			isa = PBXGroup;
			children = (
				667E77B22C2F8B7F005A235C /* MySwiftCalWidgetExtension.entitlements */,
				667E77732C2F8723005A235C /* MySwiftCal */,
				667E779C2C2F89C1005A235C /* MySwiftCalWidget */,
				667E77972C2F89C1005A235C /* Frameworks */,
				667E77722C2F8723005A235C /* Products */,
			);
			sourceTree = "<group>";
		};
		667E77722C2F8723005A235C /* Products */ = {
			isa = PBXGroup;
			children = (
				667E77712C2F8723005A235C /* MySwiftCal.app */,
				667E77962C2F89C1005A235C /* MySwiftCalWidgetExtension.appex */,
			);
			name = Products;
			sourceTree = "<group>";
		};
		667E77732C2F8723005A235C /* MySwiftCal */ = {
			isa = PBXGroup;
			children = (
				667E77882C2F87E1005A235C /* MySwiftCal.entitlements */,
				667E77742C2F8723005A235C /* MySwiftCalApp.swift */,
				667E77892C2F882F005A235C /* Calendar */,
				667E77832C2F8783005A235C /* Extensions */,
				667E77822C2F877B005A235C /* Data */,
				667E77782C2F8724005A235C /* Assets.xcassets */,
				667E777A2C2F8724005A235C /* Preview Content */,
			);
			path = MySwiftCal;
			sourceTree = "<group>";
		};
		667E777A2C2F8724005A235C /* Preview Content */ = {
			isa = PBXGroup;
			children = (
				667E777B2C2F8724005A235C /* Preview Assets.xcassets */,
			);
			path = "Preview Content";
			sourceTree = "<group>";
		};
		667E77822C2F877B005A235C /* Data */ = {
			isa = PBXGroup;
			children = (
				667E77842C2F879D005A235C /* Day.swift */,
				667E77862C2F87B9005A235C /* Persistence.swift */,
			);
			path = Data;
			sourceTree = "<group>";
		};
		667E77832C2F8783005A235C /* Extensions */ = {
			isa = PBXGroup;
			children = (
				667E77902C2F88B7005A235C /* Date+Ext.swift */,
			);
			path = Extensions;
			sourceTree = "<group>";
		};
		667E77892C2F882F005A235C /* Calendar */ = {
			isa = PBXGroup;
			children = (
				667E77762C2F8723005A235C /* CalendarView.swift */,
				667E778A2C2F8846005A235C /* CalendarHeaderView.swift */,
				667E778C2C2F8859005A235C /* StreakView.swift */,
				667E778E2C2F8874005A235C /* AppIntents.swift */,
			);
			path = Calendar;
			sourceTree = "<group>";
		};
		667E77972C2F89C1005A235C /* Frameworks */ = {
			isa = PBXGroup;
			children = (
				667E77982C2F89C1005A235C /* WidgetKit.framework */,
				667E779A2C2F89C1005A235C /* SwiftUI.framework */,
			);
			name = Frameworks;
			sourceTree = "<group>";
		};
		667E779C2C2F89C1005A235C /* MySwiftCalWidget */ = {
			isa = PBXGroup;
			children = (
				667E779D2C2F89C1005A235C /* MySwiftCalWidgetBundle.swift */,
				667E779F2C2F89C1005A235C /* MySwiftCalWidget.swift */,
				667E77B32C2F8C67005A235C /* WidgetFamilyViews.swift */,
				667E77A12C2F89C2005A235C /* Assets.xcassets */,
				667E77A32C2F89C2005A235C /* Info.plist */,
			);
			path = MySwiftCalWidget;
			sourceTree = "<group>";
		};
/* End PBXGroup section */

/* Begin PBXNativeTarget section */
		667E77702C2F8723005A235C /* MySwiftCal */ = {
			isa = PBXNativeTarget;
			buildConfigurationList = 667E777F2C2F8724005A235C /* Build configuration list for PBXNativeTarget "MySwiftCal" */;
			buildPhases = (
				667E776D2C2F8723005A235C /* Sources */,
				667E776E2C2F8723005A235C /* Frameworks */,
				667E776F2C2F8723005A235C /* Resources */,
				667E77AA2C2F89C2005A235C /* Embed Foundation Extensions */,
			);
			buildRules = (
			);
			dependencies = (
				667E77A52C2F89C2005A235C /* PBXTargetDependency */,
			);
			name = MySwiftCal;
			productName = MySwiftCal;
			productReference = 667E77712C2F8723005A235C /* MySwiftCal.app */;
			productType = "com.apple.product-type.application";
		};
		667E77952C2F89C1005A235C /* MySwiftCalWidgetExtension */ = {
			isa = PBXNativeTarget;
			buildConfigurationList = 667E77A72C2F89C2005A235C /* Build configuration list for PBXNativeTarget "MySwiftCalWidgetExtension" */;
			buildPhases = (
				667E77922C2F89C1005A235C /* Sources */,
				667E77932C2F89C1005A235C /* Frameworks */,
				667E77942C2F89C1005A235C /* Resources */,
			);
			buildRules = (
			);
			dependencies = (
			);
			name = MySwiftCalWidgetExtension;
			productName = MySwiftCalWidgetExtension;
			productReference = 667E77962C2F89C1005A235C /* MySwiftCalWidgetExtension.appex */;
			productType = "com.apple.product-type.app-extension";
		};
/* End PBXNativeTarget section */

/* Begin PBXProject section */
		667E77692C2F8723005A235C /* Project object */ = {
			isa = PBXProject;
			attributes = {
				BuildIndependentTargetsInParallel = 1;
				LastSwiftUpdateCheck = 1540;
				LastUpgradeCheck = 1540;
				TargetAttributes = {
					667E77702C2F8723005A235C = {
						CreatedOnToolsVersion = 15.4;
					};
					667E77952C2F89C1005A235C = {
						CreatedOnToolsVersion = 15.4;
					};
				};
			};
			buildConfigurationList = 667E776C2C2F8723005A235C /* Build configuration list for PBXProject "MySwiftCal" */;
			compatibilityVersion = "Xcode 14.0";
			developmentRegion = en;
			hasScannedForEncodings = 0;
			knownRegions = (
				en,
				Base,
			);
			mainGroup = 667E77682C2F8723005A235C;
			productRefGroup = 667E77722C2F8723005A235C /* Products */;
			projectDirPath = "";
			projectRoot = "";
			targets = (
				667E77702C2F8723005A235C /* MySwiftCal */,
				667E77952C2F89C1005A235C /* MySwiftCalWidgetExtension */,
			);
		};
/* End PBXProject section */

/* Begin PBXResourcesBuildPhase section */
		667E776F2C2F8723005A235C /* Resources */ = {
			isa = PBXResourcesBuildPhase;
			buildActionMask = 2147483647;
			files = (
				667E777C2C2F8724005A235C /* Preview Assets.xcassets in Resources */,
				667E77792C2F8724005A235C /* Assets.xcassets in Resources */,
			);
			runOnlyForDeploymentPostprocessing = 0;
		};
		667E77942C2F89C1005A235C /* Resources */ = {
			isa = PBXResourcesBuildPhase;
			buildActionMask = 2147483647;
			files = (
				667E77A22C2F89C2005A235C /* Assets.xcassets in Resources */,
			);
			runOnlyForDeploymentPostprocessing = 0;
		};
/* End PBXResourcesBuildPhase section */

/* Begin PBXSourcesBuildPhase section */
		667E776D2C2F8723005A235C /* Sources */ = {
			isa = PBXSourcesBuildPhase;
			buildActionMask = 2147483647;
			files = (
				667E778F2C2F8874005A235C /* AppIntents.swift in Sources */,
				667E778D2C2F8859005A235C /* StreakView.swift in Sources */,
				667E77772C2F8723005A235C /* CalendarView.swift in Sources */,
				667E77912C2F88B7005A235C /* Date+Ext.swift in Sources */,
				667E77872C2F87B9005A235C /* Persistence.swift in Sources */,
				667E77752C2F8723005A235C /* MySwiftCalApp.swift in Sources */,
				667E778B2C2F8846005A235C /* CalendarHeaderView.swift in Sources */,
				667E77852C2F879D005A235C /* Day.swift in Sources */,
			);
			runOnlyForDeploymentPostprocessing = 0;
		};
		667E77922C2F89C1005A235C /* Sources */ = {
			isa = PBXSourcesBuildPhase;
			buildActionMask = 2147483647;
			files = (
				667E77A02C2F89C1005A235C /* MySwiftCalWidget.swift in Sources */,
				667E77AC2C2F8A6E005A235C /* AppIntents.swift in Sources */,
				667E77AE2C2F8A7D005A235C /* Day.swift in Sources */,
				667E77AF2C2F8A86005A235C /* Persistence.swift in Sources */,
				667E77AB2C2F8A63005A235C /* CalendarHeaderView.swift in Sources */,
				667E779E2C2F89C1005A235C /* MySwiftCalWidgetBundle.swift in Sources */,
				667E77B42C2F8C67005A235C /* WidgetFamilyViews.swift in Sources */,
				667E77AD2C2F8A76005A235C /* Date+Ext.swift in Sources */,
			);
			runOnlyForDeploymentPostprocessing = 0;
		};
/* End PBXSourcesBuildPhase section */

/* Begin PBXTargetDependency section */
		667E77A52C2F89C2005A235C /* PBXTargetDependency */ = {
			isa = PBXTargetDependency;
			target = 667E77952C2F89C1005A235C /* MySwiftCalWidgetExtension */;
			targetProxy = 667E77A42C2F89C2005A235C /* PBXContainerItemProxy */;
		};
/* End PBXTargetDependency section */

/* Begin XCBuildConfiguration section */
		667E777D2C2F8724005A235C /* Debug */ = {
			isa = XCBuildConfiguration;
			buildSettings = {
				ALWAYS_SEARCH_USER_PATHS = NO;
				ASSETCATALOG_COMPILER_GENERATE_SWIFT_ASSET_SYMBOL_EXTENSIONS = YES;
				CLANG_ANALYZER_NONNULL = YES;
				CLANG_ANALYZER_NUMBER_OBJECT_CONVERSION = YES_AGGRESSIVE;
				CLANG_CXX_LANGUAGE_STANDARD = "gnu++20";
				CLANG_ENABLE_MODULES = YES;
				CLANG_ENABLE_OBJC_ARC = YES;
				CLANG_ENABLE_OBJC_WEAK = YES;
				CLANG_WARN_BLOCK_CAPTURE_AUTORELEASING = YES;
				CLANG_WARN_BOOL_CONVERSION = YES;
				CLANG_WARN_COMMA = YES;
				CLANG_WARN_CONSTANT_CONVERSION = YES;
				CLANG_WARN_DEPRECATED_OBJC_IMPLEMENTATIONS = YES;
				CLANG_WARN_DIRECT_OBJC_ISA_USAGE = YES_ERROR;
				CLANG_WARN_DOCUMENTATION_COMMENTS = YES;
				CLANG_WARN_EMPTY_BODY = YES;
				CLANG_WARN_ENUM_CONVERSION = YES;
				CLANG_WARN_INFINITE_RECURSION = YES;
				CLANG_WARN_INT_CONVERSION = YES;
				CLANG_WARN_NON_LITERAL_NULL_CONVERSION = YES;
				CLANG_WARN_OBJC_IMPLICIT_RETAIN_SELF = YES;
				CLANG_WARN_OBJC_LITERAL_CONVERSION = YES;
				CLANG_WARN_OBJC_ROOT_CLASS = YES_ERROR;
				CLANG_WARN_QUOTED_INCLUDE_IN_FRAMEWORK_HEADER = YES;
				CLANG_WARN_RANGE_LOOP_ANALYSIS = YES;
				CLANG_WARN_STRICT_PROTOTYPES = YES;
				CLANG_WARN_SUSPICIOUS_MOVE = YES;
				CLANG_WARN_UNGUARDED_AVAILABILITY = YES_AGGRESSIVE;
				CLANG_WARN_UNREACHABLE_CODE = YES;
				CLANG_WARN__DUPLICATE_METHOD_MATCH = YES;
				COPY_PHASE_STRIP = NO;
				DEBUG_INFORMATION_FORMAT = dwarf;
				ENABLE_STRICT_OBJC_MSGSEND = YES;
				ENABLE_TESTABILITY = YES;
				ENABLE_USER_SCRIPT_SANDBOXING = YES;
				GCC_C_LANGUAGE_STANDARD = gnu17;
				GCC_DYNAMIC_NO_PIC = NO;
				GCC_NO_COMMON_BLOCKS = YES;
				GCC_OPTIMIZATION_LEVEL = 0;
				GCC_PREPROCESSOR_DEFINITIONS = (
					"DEBUG=1",
					"$(inherited)",
				);
				GCC_WARN_64_TO_32_BIT_CONVERSION = YES;
				GCC_WARN_ABOUT_RETURN_TYPE = YES_ERROR;
				GCC_WARN_UNDECLARED_SELECTOR = YES;
				GCC_WARN_UNINITIALIZED_AUTOS = YES_AGGRESSIVE;
				GCC_WARN_UNUSED_FUNCTION = YES;
				GCC_WARN_UNUSED_VARIABLE = YES;
				IPHONEOS_DEPLOYMENT_TARGET = 17.5;
				LOCALIZATION_PREFERS_STRING_CATALOGS = YES;
				MTL_ENABLE_DEBUG_INFO = INCLUDE_SOURCE;
				MTL_FAST_MATH = YES;
				ONLY_ACTIVE_ARCH = YES;
				SDKROOT = iphoneos;
				SWIFT_ACTIVE_COMPILATION_CONDITIONS = "DEBUG $(inherited)";
				SWIFT_OPTIMIZATION_LEVEL = "-Onone";
			};
			name = Debug;
		};
		667E777E2C2F8724005A235C /* Release */ = {
			isa = XCBuildConfiguration;
			buildSettings = {
				ALWAYS_SEARCH_USER_PATHS = NO;
				ASSETCATALOG_COMPILER_GENERATE_SWIFT_ASSET_SYMBOL_EXTENSIONS = YES;
				CLANG_ANALYZER_NONNULL = YES;
				CLANG_ANALYZER_NUMBER_OBJECT_CONVERSION = YES_AGGRESSIVE;
				CLANG_CXX_LANGUAGE_STANDARD = "gnu++20";
				CLANG_ENABLE_MODULES = YES;
				CLANG_ENABLE_OBJC_ARC = YES;
				CLANG_ENABLE_OBJC_WEAK = YES;
				CLANG_WARN_BLOCK_CAPTURE_AUTORELEASING = YES;
				CLANG_WARN_BOOL_CONVERSION = YES;
				CLANG_WARN_COMMA = YES;
				CLANG_WARN_CONSTANT_CONVERSION = YES;
				CLANG_WARN_DEPRECATED_OBJC_IMPLEMENTATIONS = YES;
				CLANG_WARN_DIRECT_OBJC_ISA_USAGE = YES_ERROR;
				CLANG_WARN_DOCUMENTATION_COMMENTS = YES;
				CLANG_WARN_EMPTY_BODY = YES;
				CLANG_WARN_ENUM_CONVERSION = YES;
				CLANG_WARN_INFINITE_RECURSION = YES;
				CLANG_WARN_INT_CONVERSION = YES;
				CLANG_WARN_NON_LITERAL_NULL_CONVERSION = YES;
				CLANG_WARN_OBJC_IMPLICIT_RETAIN_SELF = YES;
				CLANG_WARN_OBJC_LITERAL_CONVERSION = YES;
				CLANG_WARN_OBJC_ROOT_CLASS = YES_ERROR;
				CLANG_WARN_QUOTED_INCLUDE_IN_FRAMEWORK_HEADER = YES;
				CLANG_WARN_RANGE_LOOP_ANALYSIS = YES;
				CLANG_WARN_STRICT_PROTOTYPES = YES;
				CLANG_WARN_SUSPICIOUS_MOVE = YES;
				CLANG_WARN_UNGUARDED_AVAILABILITY = YES_AGGRESSIVE;
				CLANG_WARN_UNREACHABLE_CODE = YES;
				CLANG_WARN__DUPLICATE_METHOD_MATCH = YES;
				COPY_PHASE_STRIP = NO;
				DEBUG_INFORMATION_FORMAT = "dwarf-with-dsym";
				ENABLE_NS_ASSERTIONS = NO;
				ENABLE_STRICT_OBJC_MSGSEND = YES;
				ENABLE_USER_SCRIPT_SANDBOXING = YES;
				GCC_C_LANGUAGE_STANDARD = gnu17;
				GCC_NO_COMMON_BLOCKS = YES;
				GCC_WARN_64_TO_32_BIT_CONVERSION = YES;
				GCC_WARN_ABOUT_RETURN_TYPE = YES_ERROR;
				GCC_WARN_UNDECLARED_SELECTOR = YES;
				GCC_WARN_UNINITIALIZED_AUTOS = YES_AGGRESSIVE;
				GCC_WARN_UNUSED_FUNCTION = YES;
				GCC_WARN_UNUSED_VARIABLE = YES;
				IPHONEOS_DEPLOYMENT_TARGET = 17.5;
				LOCALIZATION_PREFERS_STRING_CATALOGS = YES;
				MTL_ENABLE_DEBUG_INFO = NO;
				MTL_FAST_MATH = YES;
				SDKROOT = iphoneos;
				SWIFT_COMPILATION_MODE = wholemodule;
				VALIDATE_PRODUCT = YES;
			};
			name = Release;
		};
		667E77802C2F8724005A235C /* Debug */ = {
			isa = XCBuildConfiguration;
			buildSettings = {
				ALWAYS_EMBED_SWIFT_STANDARD_LIBRARIES = YES;
				ASSETCATALOG_COMPILER_APPICON_NAME = AppIcon;
				ASSETCATALOG_COMPILER_GLOBAL_ACCENT_COLOR_NAME = AccentColor;
				CODE_SIGN_ENTITLEMENTS = MySwiftCal/MySwiftCal.entitlements;
				CODE_SIGN_STYLE = Automatic;
				CURRENT_PROJECT_VERSION = 1;
				DEVELOPMENT_ASSET_PATHS = "\"MySwiftCal/Preview Content\"";
				DEVELOPMENT_TEAM = SVT2GB99S9;
				ENABLE_PREVIEWS = YES;
				GENERATE_INFOPLIST_FILE = YES;
				INFOPLIST_KEY_UIApplicationSceneManifest_Generation = YES;
				INFOPLIST_KEY_UIApplicationSupportsIndirectInputEvents = YES;
				INFOPLIST_KEY_UILaunchScreen_Generation = YES;
				INFOPLIST_KEY_UISupportedInterfaceOrientations_iPad = "UIInterfaceOrientationPortrait UIInterfaceOrientationPortraitUpsideDown UIInterfaceOrientationLandscapeLeft UIInterfaceOrientationLandscapeRight";
				INFOPLIST_KEY_UISupportedInterfaceOrientations_iPhone = "UIInterfaceOrientationPortrait UIInterfaceOrientationLandscapeLeft UIInterfaceOrientationLandscapeRight";
				LD_RUNPATH_SEARCH_PATHS = (
					"$(inherited)",
					"@executable_path/Frameworks",
				);
				MARKETING_VERSION = 1.0;
				PRODUCT_BUNDLE_IDENTIFIER = com.tazmancoder.MySwiftCal;
				PRODUCT_NAME = "$(TARGET_NAME)";
				SWIFT_EMIT_LOC_STRINGS = YES;
				SWIFT_VERSION = 5.0;
				TARGETED_DEVICE_FAMILY = "1,2";
			};
			name = Debug;
		};
		667E77812C2F8724005A235C /* Release */ = {
			isa = XCBuildConfiguration;
			buildSettings = {
				ALWAYS_EMBED_SWIFT_STANDARD_LIBRARIES = YES;
				ASSETCATALOG_COMPILER_APPICON_NAME = AppIcon;
				ASSETCATALOG_COMPILER_GLOBAL_ACCENT_COLOR_NAME = AccentColor;
				CODE_SIGN_ENTITLEMENTS = MySwiftCal/MySwiftCal.entitlements;
				CODE_SIGN_STYLE = Automatic;
				CURRENT_PROJECT_VERSION = 1;
				DEVELOPMENT_ASSET_PATHS = "\"MySwiftCal/Preview Content\"";
				DEVELOPMENT_TEAM = SVT2GB99S9;
				ENABLE_PREVIEWS = YES;
				GENERATE_INFOPLIST_FILE = YES;
				INFOPLIST_KEY_UIApplicationSceneManifest_Generation = YES;
				INFOPLIST_KEY_UIApplicationSupportsIndirectInputEvents = YES;
				INFOPLIST_KEY_UILaunchScreen_Generation = YES;
				INFOPLIST_KEY_UISupportedInterfaceOrientations_iPad = "UIInterfaceOrientationPortrait UIInterfaceOrientationPortraitUpsideDown UIInterfaceOrientationLandscapeLeft UIInterfaceOrientationLandscapeRight";
				INFOPLIST_KEY_UISupportedInterfaceOrientations_iPhone = "UIInterfaceOrientationPortrait UIInterfaceOrientationLandscapeLeft UIInterfaceOrientationLandscapeRight";
				LD_RUNPATH_SEARCH_PATHS = (
					"$(inherited)",
					"@executable_path/Frameworks",
				);
				MARKETING_VERSION = 1.0;
				PRODUCT_BUNDLE_IDENTIFIER = com.tazmancoder.MySwiftCal;
				PRODUCT_NAME = "$(TARGET_NAME)";
				SWIFT_EMIT_LOC_STRINGS = YES;
				SWIFT_VERSION = 5.0;
				TARGETED_DEVICE_FAMILY = "1,2";
			};
			name = Release;
		};
		667E77A82C2F89C2005A235C /* Debug */ = {
			isa = XCBuildConfiguration;
			buildSettings = {
				ASSETCATALOG_COMPILER_GLOBAL_ACCENT_COLOR_NAME = AccentColor;
				ASSETCATALOG_COMPILER_WIDGET_BACKGROUND_COLOR_NAME = WidgetBackground;
				CODE_SIGN_ENTITLEMENTS = MySwiftCalWidgetExtension.entitlements;
				CODE_SIGN_STYLE = Automatic;
				CURRENT_PROJECT_VERSION = 1;
				DEVELOPMENT_TEAM = SVT2GB99S9;
				GENERATE_INFOPLIST_FILE = YES;
				INFOPLIST_FILE = MySwiftCalWidget/Info.plist;
				INFOPLIST_KEY_CFBundleDisplayName = MySwiftCalWidget;
				INFOPLIST_KEY_NSHumanReadableCopyright = "";
				LD_RUNPATH_SEARCH_PATHS = (
					"$(inherited)",
					"@executable_path/Frameworks",
					"@executable_path/../../Frameworks",
				);
				MARKETING_VERSION = 1.0;
				PRODUCT_BUNDLE_IDENTIFIER = com.tazmancoder.MySwiftCal.MySwiftCalWidget;
				PRODUCT_NAME = "$(TARGET_NAME)";
				SKIP_INSTALL = YES;
				SWIFT_EMIT_LOC_STRINGS = YES;
				SWIFT_VERSION = 5.0;
				TARGETED_DEVICE_FAMILY = "1,2";
			};
			name = Debug;
		};
		667E77A92C2F89C2005A235C /* Release */ = {
			isa = XCBuildConfiguration;
			buildSettings = {
				ASSETCATALOG_COMPILER_GLOBAL_ACCENT_COLOR_NAME = AccentColor;
				ASSETCATALOG_COMPILER_WIDGET_BACKGROUND_COLOR_NAME = WidgetBackground;
				CODE_SIGN_ENTITLEMENTS = MySwiftCalWidgetExtension.entitlements;
				CODE_SIGN_STYLE = Automatic;
				CURRENT_PROJECT_VERSION = 1;
				DEVELOPMENT_TEAM = SVT2GB99S9;
				GENERATE_INFOPLIST_FILE = YES;
				INFOPLIST_FILE = MySwiftCalWidget/Info.plist;
				INFOPLIST_KEY_CFBundleDisplayName = MySwiftCalWidget;
				INFOPLIST_KEY_NSHumanReadableCopyright = "";
				LD_RUNPATH_SEARCH_PATHS = (
					"$(inherited)",
					"@executable_path/Frameworks",
					"@executable_path/../../Frameworks",
				);
				MARKETING_VERSION = 1.0;
				PRODUCT_BUNDLE_IDENTIFIER = com.tazmancoder.MySwiftCal.MySwiftCalWidget;
				PRODUCT_NAME = "$(TARGET_NAME)";
				SKIP_INSTALL = YES;
				SWIFT_EMIT_LOC_STRINGS = YES;
				SWIFT_VERSION = 5.0;
				TARGETED_DEVICE_FAMILY = "1,2";
			};
			name = Release;
		};
/* End XCBuildConfiguration section */

/* Begin XCConfigurationList section */
		667E776C2C2F8723005A235C /* Build configuration list for PBXProject "MySwiftCal" */ = {
			isa = XCConfigurationList;
			buildConfigurations = (
				667E777D2C2F8724005A235C /* Debug */,
				667E777E2C2F8724005A235C /* Release */,
			);
			defaultConfigurationIsVisible = 0;
			defaultConfigurationName = Release;
		};
		667E777F2C2F8724005A235C /* Build configuration list for PBXNativeTarget "MySwiftCal" */ = {
			isa = XCConfigurationList;
			buildConfigurations = (
				667E77802C2F8724005A235C /* Debug */,
				667E77812C2F8724005A235C /* Release */,
			);
			defaultConfigurationIsVisible = 0;
			defaultConfigurationName = Release;
		};
		667E77A72C2F89C2005A235C /* Build configuration list for PBXNativeTarget "MySwiftCalWidgetExtension" */ = {
			isa = XCConfigurationList;
			buildConfigurations = (
				667E77A82C2F89C2005A235C /* Debug */,
				667E77A92C2F89C2005A235C /* Release */,
			);
			defaultConfigurationIsVisible = 0;
			defaultConfigurationName = Release;
		};
/* End XCConfigurationList section */
	};
	rootObject = 667E77692C2F8723005A235C /* Project object */;
}
